
Microsoft Visual Studio Solution File, Format Version 12.00
# Visual Studio Version 17
VisualStudioVersion = 17.4.33213.308
MinimumVisualStudioVersion = 10.0.40219.1
Project("{9A19103F-16F7-4668-BE54-9A1E7A4F7556}") = "ADsServer", "ADsServer\ADsServer.csproj", "{1B2EA872-7F0E-47D7-8108-BF730DFAF92A}"
EndProject
Project("{9A19103F-16F7-4668-BE54-9A1E7A4F7556}") = "SuperSimpleTcp", "SuperSimpleTcp\SuperSimpleTcp.csproj", "{2F63C729-2B93-40BA-A802-D82651246723}"
EndProject
Project("{9A19103F-16F7-4668-BE54-9A1E7A4F7556}") = "ADsWarehouse", "ADsWarehouse\ADsWarehouse.csproj", "{C5358C48-3A4D-4901-B862-E34DA91C0469}"
EndProject
Global
	GlobalSection(SolutionConfigurationPlatforms) = preSolution
		Debug|Any CPU = Debug|Any CPU
		Release|Any CPU = Release|Any CPU
	EndGlobalSection
	GlobalSection(ProjectConfigurationPlatforms) = postSolution
		{1B2EA872-7F0E-47D7-8108-BF730DFAF92A}.Debug|Any CPU.ActiveCfg = Debug|Any CPU
		{1B2EA872-7F0E-47D7-8108-BF730DFAF92A}.Debug|Any CPU.Build.0 = Debug|Any CPU
		{1B2EA872-7F0E-47D7-8108-BF730DFAF92A}.Release|Any CPU.ActiveCfg = Release|Any CPU
		{1B2EA872-7F0E-47D7-8108-BF730DFAF92A}.Release|Any CPU.Build.0 = Release|Any CPU
		{2F63C729-2B93-40BA-A802-D82651246723}.Debug|Any CPU.ActiveCfg = Debug|Any CPU
		{2F63C729-2B93-40BA-A802-D82651246723}.Debug|Any CPU.Build.0 = Debug|Any CPU
		{2F63C729-2B93-40BA-A802-D82651246723}.Release|Any CPU.ActiveCfg = Release|Any CPU
		{2F63C729-2B93-40BA-A802-D82651246723}.Release|Any CPU.Build.0 = Release|Any CPU
		{C5358C48-3A4D-4901-B862-E34DA91C0469}.Debug|Any CPU.ActiveCfg = Debug|Any CPU
		{C5358C48-3A4D-4901-B862-E34DA91C0469}.Debug|Any CPU.Build.0 = Debug|Any CPU
		{C5358C48-3A4D-4901-B862-E34DA91C0469}.Release|Any CPU.ActiveCfg = Release|Any CPU
		{C5358C48-3A4D-4901-B862-E34DA91C0469}.Release|Any CPU.Build.0 = Release|Any CPU
	EndGlobalSection
	GlobalSection(SolutionProperties) = preSolution
		HideSolutionNode = FALSE
	EndGlobalSection
	GlobalSection(ExtensibilityGlobals) = postSolution
		SolutionGuid = {1BC60C75-E943-4A9E-A3E2-D04AC8C1CBC3}
	EndGlobalSection
EndGlobal
